
Microsoft Visual Studio Solution File, Format Version 12.00
# Visual Studio 2012
Project("{FAE04EC0-301F-11D3-BF4B-00C04F79EFBC}") = "JenkinsPlayStore.Android", "JenkinsPlayStore.Android\JenkinsPlayStore.Android.csproj", "{2A44F896-7996-482E-A2A4-0FD46F9BAA90}"
EndProject
Project("{FAE04EC0-301F-11D3-BF4B-00C04F79EFBC}") = "JenkinsPlayStore", "JenkinsPlayStore\JenkinsPlayStore.csproj", "{A7505701-BC16-4169-AB02-907E0553BF14}"
EndProject
Global
	GlobalSection(SolutionConfigurationPlatforms) = preSolution
		Debug|Any CPU = Debug|Any CPU
		Release|Any CPU = Release|Any CPU
	EndGlobalSection
	GlobalSection(ProjectConfigurationPlatforms) = postSolution
		{2A44F896-7996-482E-A2A4-0FD46F9BAA90}.Debug|Any CPU.ActiveCfg = Debug|Any CPU
		{2A44F896-7996-482E-A2A4-0FD46F9BAA90}.Debug|Any CPU.Build.0 = Debug|Any CPU
		{2A44F896-7996-482E-A2A4-0FD46F9BAA90}.Release|Any CPU.ActiveCfg = Release|Any CPU
		{2A44F896-7996-482E-A2A4-0FD46F9BAA90}.Release|Any CPU.Build.0 = Release|Any CPU
		{A7505701-BC16-4169-AB02-907E0553BF14}.Debug|Any CPU.ActiveCfg = Debug|Any CPU
		{A7505701-BC16-4169-AB02-907E0553BF14}.Debug|Any CPU.Build.0 = Debug|Any CPU
		{A7505701-BC16-4169-AB02-907E0553BF14}.Release|Any CPU.ActiveCfg = Release|Any CPU
		{A7505701-BC16-4169-AB02-907E0553BF14}.Release|Any CPU.Build.0 = Release|Any CPU
	EndGlobalSection
EndGlobal
